// !$*UTF8*$!
{
	archiveVersion = 1;
	classes = {
	};
	objectVersion = 50;
	objects = {

/* Begin PBXBuildFile section */
		2E699534252DC44500E15E12 /* AppDelegate.swift in Sources */ = {isa = PBXBuildFile; fileRef = 2E699533252DC44500E15E12 /* AppDelegate.swift */; };
		2E699536252DC44500E15E12 /* SceneDelegate.swift in Sources */ = {isa = PBXBuildFile; fileRef = 2E699535252DC44500E15E12 /* SceneDelegate.swift */; };
		2E699538252DC44500E15E12 /* ViewController.swift in Sources */ = {isa = PBXBuildFile; fileRef = 2E699537252DC44500E15E12 /* ViewController.swift */; };
		2E69953B252DC44500E15E12 /* Main.storyboard in Resources */ = {isa = PBXBuildFile; fileRef = 2E699539252DC44500E15E12 /* Main.storyboard */; };
		2E69953D252DC44600E15E12 /* Assets.xcassets in Resources */ = {isa = PBXBuildFile; fileRef = 2E69953C252DC44600E15E12 /* Assets.xcassets */; };
		2E699540252DC44600E15E12 /* LaunchScreen.storyboard in Resources */ = {isa = PBXBuildFile; fileRef = 2E69953E252DC44600E15E12 /* LaunchScreen.storyboard */; };
		2E69954B252DC44600E15E12 /* InstructionAnimationTests.swift in Sources */ = {isa = PBXBuildFile; fileRef = 2E69954A252DC44600E15E12 /* InstructionAnimationTests.swift */; };
		2E699556252DC44600E15E12 /* InstructionAnimationUITests.swift in Sources */ = {isa = PBXBuildFile; fileRef = 2E699555252DC44600E15E12 /* InstructionAnimationUITests.swift */; };
/* End PBXBuildFile section */

/* Begin PBXContainerItemProxy section */
		2E699547252DC44600E15E12 /* PBXContainerItemProxy */ = {
			isa = PBXContainerItemProxy;
			containerPortal = 2E699528252DC44500E15E12 /* Project object */;
			proxyType = 1;
			remoteGlobalIDString = 2E69952F252DC44500E15E12;
			remoteInfo = InstructionAnimation;
		};
		2E699552252DC44600E15E12 /* PBXContainerItemProxy */ = {
			isa = PBXContainerItemProxy;
			containerPortal = 2E699528252DC44500E15E12 /* Project object */;
			proxyType = 1;
			remoteGlobalIDString = 2E69952F252DC44500E15E12;
			remoteInfo = InstructionAnimation;
		};
/* End PBXContainerItemProxy section */

/* Begin PBXFileReference section */
		2E699530252DC44500E15E12 /* InstructionAnimation.app */ = {isa = PBXFileReference; explicitFileType = wrapper.application; includeInIndex = 0; path = InstructionAnimation.app; sourceTree = BUILT_PRODUCTS_DIR; };
		2E699533252DC44500E15E12 /* AppDelegate.swift */ = {isa = PBXFileReference; lastKnownFileType = sourcecode.swift; path = AppDelegate.swift; sourceTree = "<group>"; };
		2E699535252DC44500E15E12 /* SceneDelegate.swift */ = {isa = PBXFileReference; lastKnownFileType = sourcecode.swift; path = SceneDelegate.swift; sourceTree = "<group>"; };
		2E699537252DC44500E15E12 /* ViewController.swift */ = {isa = PBXFileReference; lastKnownFileType = sourcecode.swift; path = ViewController.swift; sourceTree = "<group>"; };
		2E69953A252DC44500E15E12 /* Base */ = {isa = PBXFileReference; lastKnownFileType = file.storyboard; name = Base; path = Base.lproj/Main.storyboard; sourceTree = "<group>"; };
		2E69953C252DC44600E15E12 /* Assets.xcassets */ = {isa = PBXFileReference; lastKnownFileType = folder.assetcatalog; path = Assets.xcassets; sourceTree = "<group>"; };
		2E69953F252DC44600E15E12 /* Base */ = {isa = PBXFileReference; lastKnownFileType = file.storyboard; name = Base; path = Base.lproj/LaunchScreen.storyboard; sourceTree = "<group>"; };
		2E699541252DC44600E15E12 /* Info.plist */ = {isa = PBXFileReference; lastKnownFileType = text.plist.xml; path = Info.plist; sourceTree = "<group>"; };
		2E699546252DC44600E15E12 /* InstructionAnimationTests.xctest */ = {isa = PBXFileReference; explicitFileType = wrapper.cfbundle; includeInIndex = 0; path = InstructionAnimationTests.xctest; sourceTree = BUILT_PRODUCTS_DIR; };
		2E69954A252DC44600E15E12 /* InstructionAnimationTests.swift */ = {isa = PBXFileReference; lastKnownFileType = sourcecode.swift; path = InstructionAnimationTests.swift; sourceTree = "<group>"; };
		2E69954C252DC44600E15E12 /* Info.plist */ = {isa = PBXFileReference; lastKnownFileType = text.plist.xml; path = Info.plist; sourceTree = "<group>"; };
		2E699551252DC44600E15E12 /* InstructionAnimationUITests.xctest */ = {isa = PBXFileReference; explicitFileType = wrapper.cfbundle; includeInIndex = 0; path = InstructionAnimationUITests.xctest; sourceTree = BUILT_PRODUCTS_DIR; };
		2E699555252DC44600E15E12 /* InstructionAnimationUITests.swift */ = {isa = PBXFileReference; lastKnownFileType = sourcecode.swift; path = InstructionAnimationUITests.swift; sourceTree = "<group>"; };
		2E699557252DC44600E15E12 /* Info.plist */ = {isa = PBXFileReference; lastKnownFileType = text.plist.xml; path = Info.plist; sourceTree = "<group>"; };
/* End PBXFileReference section */

/* Begin PBXFrameworksBuildPhase section */
		2E69952D252DC44500E15E12 /* Frameworks */ = {
			isa = PBXFrameworksBuildPhase;
			buildActionMask = 2147483647;
			files = (
			);
			runOnlyForDeploymentPostprocessing = 0;
		};
		2E699543252DC44600E15E12 /* Frameworks */ = {
			isa = PBXFrameworksBuildPhase;
			buildActionMask = 2147483647;
			files = (
			);
			runOnlyForDeploymentPostprocessing = 0;
		};
		2E69954E252DC44600E15E12 /* Frameworks */ = {
			isa = PBXFrameworksBuildPhase;
			buildActionMask = 2147483647;
			files = (
			);
			runOnlyForDeploymentPostprocessing = 0;
		};
/* End PBXFrameworksBuildPhase section */

/* Begin PBXGroup section */
		2E699527252DC44500E15E12 = {
			isa = PBXGroup;
			children = (
				2E699532252DC44500E15E12 /* InstructionAnimation */,
				2E699549252DC44600E15E12 /* InstructionAnimationTests */,
				2E699554252DC44600E15E12 /* InstructionAnimationUITests */,
				2E699531252DC44500E15E12 /* Products */,
			);
			sourceTree = "<group>";
		};
		2E699531252DC44500E15E12 /* Products */ = {
			isa = PBXGroup;
			children = (
				2E699530252DC44500E15E12 /* InstructionAnimation.app */,
				2E699546252DC44600E15E12 /* InstructionAnimationTests.xctest */,
				2E699551252DC44600E15E12 /* InstructionAnimationUITests.xctest */,
			);
			name = Products;
			sourceTree = "<group>";
		};
		2E699532252DC44500E15E12 /* InstructionAnimation */ = {
			isa = PBXGroup;
			children = (
				2E699533252DC44500E15E12 /* AppDelegate.swift */,
				2E699535252DC44500E15E12 /* SceneDelegate.swift */,
				2E699537252DC44500E15E12 /* ViewController.swift */,
				2E699539252DC44500E15E12 /* Main.storyboard */,
				2E69953C252DC44600E15E12 /* Assets.xcassets */,
				2E69953E252DC44600E15E12 /* LaunchScreen.storyboard */,
				2E699541252DC44600E15E12 /* Info.plist */,
			);
			path = InstructionAnimation;
			sourceTree = "<group>";
		};
		2E699549252DC44600E15E12 /* InstructionAnimationTests */ = {
			isa = PBXGroup;
			children = (
				2E69954A252DC44600E15E12 /* InstructionAnimationTests.swift */,
				2E69954C252DC44600E15E12 /* Info.plist */,
			);
			path = InstructionAnimationTests;
			sourceTree = "<group>";
		};
		2E699554252DC44600E15E12 /* InstructionAnimationUITests */ = {
			isa = PBXGroup;
			children = (
				2E699555252DC44600E15E12 /* InstructionAnimationUITests.swift */,
				2E699557252DC44600E15E12 /* Info.plist */,
			);
			path = InstructionAnimationUITests;
			sourceTree = "<group>";
		};
/* End PBXGroup section */

/* Begin PBXNativeTarget section */
		2E69952F252DC44500E15E12 /* InstructionAnimation */ = {
			isa = PBXNativeTarget;
			buildConfigurationList = 2E69955A252DC44600E15E12 /* Build configuration list for PBXNativeTarget "InstructionAnimation" */;
			buildPhases = (
				2E69952C252DC44500E15E12 /* Sources */,
				2E69952D252DC44500E15E12 /* Frameworks */,
				2E69952E252DC44500E15E12 /* Resources */,
			);
			buildRules = (
			);
			dependencies = (
			);
			name = InstructionAnimation;
			productName = InstructionAnimation;
			productReference = 2E699530252DC44500E15E12 /* InstructionAnimation.app */;
			productType = "com.apple.product-type.application";
		};
		2E699545252DC44600E15E12 /* InstructionAnimationTests */ = {
			isa = PBXNativeTarget;
			buildConfigurationList = 2E69955D252DC44600E15E12 /* Build configuration list for PBXNativeTarget "InstructionAnimationTests" */;
			buildPhases = (
				2E699542252DC44600E15E12 /* Sources */,
				2E699543252DC44600E15E12 /* Frameworks */,
				2E699544252DC44600E15E12 /* Resources */,
			);
			buildRules = (
			);
			dependencies = (
				2E699548252DC44600E15E12 /* PBXTargetDependency */,
			);
			name = InstructionAnimationTests;
			productName = InstructionAnimationTests;
			productReference = 2E699546252DC44600E15E12 /* InstructionAnimationTests.xctest */;
			productType = "com.apple.product-type.bundle.unit-test";
		};
		2E699550252DC44600E15E12 /* InstructionAnimationUITests */ = {
			isa = PBXNativeTarget;
			buildConfigurationList = 2E699560252DC44600E15E12 /* Build configuration list for PBXNativeTarget "InstructionAnimationUITests" */;
			buildPhases = (
				2E69954D252DC44600E15E12 /* Sources */,
				2E69954E252DC44600E15E12 /* Frameworks */,
				2E69954F252DC44600E15E12 /* Resources */,
			);
			buildRules = (
			);
			dependencies = (
				2E699553252DC44600E15E12 /* PBXTargetDependency */,
			);
			name = InstructionAnimationUITests;
			productName = InstructionAnimationUITests;
			productReference = 2E699551252DC44600E15E12 /* InstructionAnimationUITests.xctest */;
			productType = "com.apple.product-type.bundle.ui-testing";
		};
/* End PBXNativeTarget section */

/* Begin PBXProject section */
		2E699528252DC44500E15E12 /* Project object */ = {
			isa = PBXProject;
			attributes = {
				LastSwiftUpdateCheck = 1200;
				LastUpgradeCheck = 1200;
				TargetAttributes = {
					2E69952F252DC44500E15E12 = {
						CreatedOnToolsVersion = 12.0.1;
					};
					2E699545252DC44600E15E12 = {
						CreatedOnToolsVersion = 12.0.1;
						TestTargetID = 2E69952F252DC44500E15E12;
					};
					2E699550252DC44600E15E12 = {
						CreatedOnToolsVersion = 12.0.1;
						TestTargetID = 2E69952F252DC44500E15E12;
					};
				};
			};
			buildConfigurationList = 2E69952B252DC44500E15E12 /* Build configuration list for PBXProject "InstructionAnimation" */;
			compatibilityVersion = "Xcode 9.3";
			developmentRegion = en;
			hasScannedForEncodings = 0;
			knownRegions = (
				en,
				Base,
			);
			mainGroup = 2E699527252DC44500E15E12;
			productRefGroup = 2E699531252DC44500E15E12 /* Products */;
			projectDirPath = "";
			projectRoot = "";
			targets = (
				2E69952F252DC44500E15E12 /* InstructionAnimation */,
				2E699545252DC44600E15E12 /* InstructionAnimationTests */,
				2E699550252DC44600E15E12 /* InstructionAnimationUITests */,
			);
		};
/* End PBXProject section */

/* Begin PBXResourcesBuildPhase section */
		2E69952E252DC44500E15E12 /* Resources */ = {
			isa = PBXResourcesBuildPhase;
			buildActionMask = 2147483647;
			files = (
				2E699540252DC44600E15E12 /* LaunchScreen.storyboard in Resources */,
				2E69953D252DC44600E15E12 /* Assets.xcassets in Resources */,
				2E69953B252DC44500E15E12 /* Main.storyboard in Resources */,
			);
			runOnlyForDeploymentPostprocessing = 0;
		};
		2E699544252DC44600E15E12 /* Resources */ = {
			isa = PBXResourcesBuildPhase;
			buildActionMask = 2147483647;
			files = (
			);
			runOnlyForDeploymentPostprocessing = 0;
		};
		2E69954F252DC44600E15E12 /* Resources */ = {
			isa = PBXResourcesBuildPhase;
			buildActionMask = 2147483647;
			files = (
			);
			runOnlyForDeploymentPostprocessing = 0;
		};
/* End PBXResourcesBuildPhase section */

/* Begin PBXSourcesBuildPhase section */
		2E69952C252DC44500E15E12 /* Sources */ = {
			isa = PBXSourcesBuildPhase;
			buildActionMask = 2147483647;
			files = (
				2E699538252DC44500E15E12 /* ViewController.swift in Sources */,
				2E699534252DC44500E15E12 /* AppDelegate.swift in Sources */,
				2E699536252DC44500E15E12 /* SceneDelegate.swift in Sources */,
			);
			runOnlyForDeploymentPostprocessing = 0;
		};
		2E699542252DC44600E15E12 /* Sources */ = {
			isa = PBXSourcesBuildPhase;
			buildActionMask = 2147483647;
			files = (
				2E69954B252DC44600E15E12 /* InstructionAnimationTests.swift in Sources */,
			);
			runOnlyForDeploymentPostprocessing = 0;
		};
		2E69954D252DC44600E15E12 /* Sources */ = {
			isa = PBXSourcesBuildPhase;
			buildActionMask = 2147483647;
			files = (
				2E699556252DC44600E15E12 /* InstructionAnimationUITests.swift in Sources */,
			);
			runOnlyForDeploymentPostprocessing = 0;
		};
/* End PBXSourcesBuildPhase section */

/* Begin PBXTargetDependency section */
		2E699548252DC44600E15E12 /* PBXTargetDependency */ = {
			isa = PBXTargetDependency;
			target = 2E69952F252DC44500E15E12 /* InstructionAnimation */;
			targetProxy = 2E699547252DC44600E15E12 /* PBXContainerItemProxy */;
		};
		2E699553252DC44600E15E12 /* PBXTargetDependency */ = {
			isa = PBXTargetDependency;
			target = 2E69952F252DC44500E15E12 /* InstructionAnimation */;
			targetProxy = 2E699552252DC44600E15E12 /* PBXContainerItemProxy */;
		};
/* End PBXTargetDependency section */

/* Begin PBXVariantGroup section */
		2E699539252DC44500E15E12 /* Main.storyboard */ = {
			isa = PBXVariantGroup;
			children = (
				2E69953A252DC44500E15E12 /* Base */,
			);
			name = Main.storyboard;
			sourceTree = "<group>";
		};
		2E69953E252DC44600E15E12 /* LaunchScreen.storyboard */ = {
			isa = PBXVariantGroup;
			children = (
				2E69953F252DC44600E15E12 /* Base */,
			);
			name = LaunchScreen.storyboard;
			sourceTree = "<group>";
		};
/* End PBXVariantGroup section */

/* Begin XCBuildConfiguration section */
		2E699558252DC44600E15E12 /* Debug */ = {
			isa = XCBuildConfiguration;
			buildSettings = {
				ALWAYS_SEARCH_USER_PATHS = NO;
				CLANG_ANALYZER_NONNULL = YES;
				CLANG_ANALYZER_NUMBER_OBJECT_CONVERSION = YES_AGGRESSIVE;
				CLANG_CXX_LANGUAGE_STANDARD = "gnu++14";
				CLANG_CXX_LIBRARY = "libc++";
				CLANG_ENABLE_MODULES = YES;
				CLANG_ENABLE_OBJC_ARC = YES;
				CLANG_ENABLE_OBJC_WEAK = YES;
				CLANG_WARN_BLOCK_CAPTURE_AUTORELEASING = YES;
				CLANG_WARN_BOOL_CONVERSION = YES;
				CLANG_WARN_COMMA = YES;
				CLANG_WARN_CONSTANT_CONVERSION = YES;
				CLANG_WARN_DEPRECATED_OBJC_IMPLEMENTATIONS = YES;
				CLANG_WARN_DIRECT_OBJC_ISA_USAGE = YES_ERROR;
				CLANG_WARN_DOCUMENTATION_COMMENTS = YES;
				CLANG_WARN_EMPTY_BODY = YES;
				CLANG_WARN_ENUM_CONVERSION = YES;
				CLANG_WARN_INFINITE_RECURSION = YES;
				CLANG_WARN_INT_CONVERSION = YES;
				CLANG_WARN_NON_LITERAL_NULL_CONVERSION = YES;
				CLANG_WARN_OBJC_IMPLICIT_RETAIN_SELF = YES;
				CLANG_WARN_OBJC_LITERAL_CONVERSION = YES;
				CLANG_WARN_OBJC_ROOT_CLASS = YES_ERROR;
				CLANG_WARN_QUOTED_INCLUDE_IN_FRAMEWORK_HEADER = YES;
				CLANG_WARN_RANGE_LOOP_ANALYSIS = YES;
				CLANG_WARN_STRICT_PROTOTYPES = YES;
				CLANG_WARN_SUSPICIOUS_MOVE = YES;
				CLANG_WARN_UNGUARDED_AVAILABILITY = YES_AGGRESSIVE;
				CLANG_WARN_UNREACHABLE_CODE = YES;
				CLANG_WARN__DUPLICATE_METHOD_MATCH = YES;
				COPY_PHASE_STRIP = NO;
				DEBUG_INFORMATION_FORMAT = dwarf;
				ENABLE_STRICT_OBJC_MSGSEND = YES;
				ENABLE_TESTABILITY = YES;
				GCC_C_LANGUAGE_STANDARD = gnu11;
				GCC_DYNAMIC_NO_PIC = NO;
				GCC_NO_COMMON_BLOCKS = YES;
				GCC_OPTIMIZATION_LEVEL = 0;
				GCC_PREPROCESSOR_DEFINITIONS = (
					"DEBUG=1",
					"$(inherited)",
				);
				GCC_WARN_64_TO_32_BIT_CONVERSION = YES;
				GCC_WARN_ABOUT_RETURN_TYPE = YES_ERROR;
				GCC_WARN_UNDECLARED_SELECTOR = YES;
				GCC_WARN_UNINITIALIZED_AUTOS = YES_AGGRESSIVE;
				GCC_WARN_UNUSED_FUNCTION = YES;
				GCC_WARN_UNUSED_VARIABLE = YES;
				IPHONEOS_DEPLOYMENT_TARGET = 13.1;
				MTL_ENABLE_DEBUG_INFO = INCLUDE_SOURCE;
				MTL_FAST_MATH = YES;
				ONLY_ACTIVE_ARCH = YES;
				SDKROOT = iphoneos;
				SWIFT_ACTIVE_COMPILATION_CONDITIONS = DEBUG;
				SWIFT_OPTIMIZATION_LEVEL = "-Onone";
			};
			name = Debug;
		};
		2E699559252DC44600E15E12 /* Release */ = {
			isa = XCBuildConfiguration;
			buildSettings = {
				ALWAYS_SEARCH_USER_PATHS = NO;
				CLANG_ANALYZER_NONNULL = YES;
				CLANG_ANALYZER_NUMBER_OBJECT_CONVERSION = YES_AGGRESSIVE;
				CLANG_CXX_LANGUAGE_STANDARD = "gnu++14";
				CLANG_CXX_LIBRARY = "libc++";
				CLANG_ENABLE_MODULES = YES;
				CLANG_ENABLE_OBJC_ARC = YES;
				CLANG_ENABLE_OBJC_WEAK = YES;
				CLANG_WARN_BLOCK_CAPTURE_AUTORELEASING = YES;
				CLANG_WARN_BOOL_CONVERSION = YES;
				CLANG_WARN_COMMA = YES;
				CLANG_WARN_CONSTANT_CONVERSION = YES;
				CLANG_WARN_DEPRECATED_OBJC_IMPLEMENTATIONS = YES;
				CLANG_WARN_DIRECT_OBJC_ISA_USAGE = YES_ERROR;
				CLANG_WARN_DOCUMENTATION_COMMENTS = YES;
				CLANG_WARN_EMPTY_BODY = YES;
				CLANG_WARN_ENUM_CONVERSION = YES;
				CLANG_WARN_INFINITE_RECURSION = YES;
				CLANG_WARN_INT_CONVERSION = YES;
				CLANG_WARN_NON_LITERAL_NULL_CONVERSION = YES;
				CLANG_WARN_OBJC_IMPLICIT_RETAIN_SELF = YES;
				CLANG_WARN_OBJC_LITERAL_CONVERSION = YES;
				CLANG_WARN_OBJC_ROOT_CLASS = YES_ERROR;
				CLANG_WARN_QUOTED_INCLUDE_IN_FRAMEWORK_HEADER = YES;
				CLANG_WARN_RANGE_LOOP_ANALYSIS = YES;
				CLANG_WARN_STRICT_PROTOTYPES = YES;
				CLANG_WARN_SUSPICIOUS_MOVE = YES;
				CLANG_WARN_UNGUARDED_AVAILABILITY = YES_AGGRESSIVE;
				CLANG_WARN_UNREACHABLE_CODE = YES;
				CLANG_WARN__DUPLICATE_METHOD_MATCH = YES;
				COPY_PHASE_STRIP = NO;
				DEBUG_INFORMATION_FORMAT = "dwarf-with-dsym";
				ENABLE_NS_ASSERTIONS = NO;
				ENABLE_STRICT_OBJC_MSGSEND = YES;
				GCC_C_LANGUAGE_STANDARD = gnu11;
				GCC_NO_COMMON_BLOCKS = YES;
				GCC_WARN_64_TO_32_BIT_CONVERSION = YES;
				GCC_WARN_ABOUT_RETURN_TYPE = YES_ERROR;
				GCC_WARN_UNDECLARED_SELECTOR = YES;
				GCC_WARN_UNINITIALIZED_AUTOS = YES_AGGRESSIVE;
				GCC_WARN_UNUSED_FUNCTION = YES;
				GCC_WARN_UNUSED_VARIABLE = YES;
				IPHONEOS_DEPLOYMENT_TARGET = 13.1;
				MTL_ENABLE_DEBUG_INFO = NO;
				MTL_FAST_MATH = YES;
				SDKROOT = iphoneos;
				SWIFT_COMPILATION_MODE = wholemodule;
				SWIFT_OPTIMIZATION_LEVEL = "-O";
				VALIDATE_PRODUCT = YES;
			};
			name = Release;
		};
		2E69955B252DC44600E15E12 /* Debug */ = {
			isa = XCBuildConfiguration;
			buildSettings = {
				ASSETCATALOG_COMPILER_APPICON_NAME = AppIcon;
				ASSETCATALOG_COMPILER_GLOBAL_ACCENT_COLOR_NAME = AccentColor;
				CODE_SIGN_STYLE = Automatic;
				DEVELOPMENT_TEAM = RQXFK5449U;
				INFOPLIST_FILE = InstructionAnimation/Info.plist;
				LD_RUNPATH_SEARCH_PATHS = (
					"$(inherited)",
					"@executable_path/Frameworks",
				);
				PRODUCT_BUNDLE_IDENTIFIER = com.maochun.InstructionAnimation;
				PRODUCT_NAME = "$(TARGET_NAME)";
				SWIFT_VERSION = 5.0;
				TARGETED_DEVICE_FAMILY = "1,2";
			};
			name = Debug;
		};
		2E69955C252DC44600E15E12 /* Release */ = {
			isa = XCBuildConfiguration;
			buildSettings = {
				ASSETCATALOG_COMPILER_APPICON_NAME = AppIcon;
				ASSETCATALOG_COMPILER_GLOBAL_ACCENT_COLOR_NAME = AccentColor;
				CODE_SIGN_STYLE = Automatic;
				DEVELOPMENT_TEAM = RQXFK5449U;
				INFOPLIST_FILE = InstructionAnimation/Info.plist;
				LD_RUNPATH_SEARCH_PATHS = (
					"$(inherited)",
					"@executable_path/Frameworks",
				);
				PRODUCT_BUNDLE_IDENTIFIER = com.maochun.InstructionAnimation;
				PRODUCT_NAME = "$(TARGET_NAME)";
				SWIFT_VERSION = 5.0;
				TARGETED_DEVICE_FAMILY = "1,2";
			};
			name = Release;
		};
		2E69955E252DC44600E15E12 /* Debug */ = {
			isa = XCBuildConfiguration;
			buildSettings = {
				ALWAYS_EMBED_SWIFT_STANDARD_LIBRARIES = YES;
				BUNDLE_LOADER = "$(TEST_HOST)";
				CODE_SIGN_STYLE = Automatic;
				DEVELOPMENT_TEAM = RQXFK5449U;
				INFOPLIST_FILE = InstructionAnimationTests/Info.plist;
				IPHONEOS_DEPLOYMENT_TARGET = 14.0;
				LD_RUNPATH_SEARCH_PATHS = (
					"$(inherited)",
					"@executable_path/Frameworks",
					"@loader_path/Frameworks",
				);
				PRODUCT_BUNDLE_IDENTIFIER = com.maochun.InstructionAnimationTests;
				PRODUCT_NAME = "$(TARGET_NAME)";
				SWIFT_VERSION = 5.0;
				TARGETED_DEVICE_FAMILY = "1,2";
				TEST_HOST = "$(BUILT_PRODUCTS_DIR)/InstructionAnimation.app/InstructionAnimation";
			};
			name = Debug;
		};
		2E69955F252DC44600E15E12 /* Release */ = {
			isa = XCBuildConfiguration;
			buildSettings = {
				ALWAYS_EMBED_SWIFT_STANDARD_LIBRARIES = YES;
				BUNDLE_LOADER = "$(TEST_HOST)";
				CODE_SIGN_STYLE = Automatic;
				DEVELOPMENT_TEAM = RQXFK5449U;
				INFOPLIST_FILE = InstructionAnimationTests/Info.plist;
				IPHONEOS_DEPLOYMENT_TARGET = 14.0;
				LD_RUNPATH_SEARCH_PATHS = (
					"$(inherited)",
					"@executable_path/Frameworks",
					"@loader_path/Frameworks",
				);
				PRODUCT_BUNDLE_IDENTIFIER = com.maochun.InstructionAnimationTests;
				PRODUCT_NAME = "$(TARGET_NAME)";
				SWIFT_VERSION = 5.0;
				TARGETED_DEVICE_FAMILY = "1,2";
				TEST_HOST = "$(BUILT_PRODUCTS_DIR)/InstructionAnimation.app/InstructionAnimation";
			};
			name = Release;
		};
		2E699561252DC44600E15E12 /* Debug */ = {
			isa = XCBuildConfiguration;
			buildSettings = {
				ALWAYS_EMBED_SWIFT_STANDARD_LIBRARIES = YES;
				CODE_SIGN_STYLE = Automatic;
				DEVELOPMENT_TEAM = RQXFK5449U;
				INFOPLIST_FILE = InstructionAnimationUITests/Info.plist;
				LD_RUNPATH_SEARCH_PATHS = (
					"$(inherited)",
					"@executable_path/Frameworks",
					"@loader_path/Frameworks",
				);
				PRODUCT_BUNDLE_IDENTIFIER = com.maochun.InstructionAnimationUITests;
				PRODUCT_NAME = "$(TARGET_NAME)";
				SWIFT_VERSION = 5.0;
				TARGETED_DEVICE_FAMILY = "1,2";
				TEST_TARGET_NAME = InstructionAnimation;
			};
			name = Debug;
		};
		2E699562252DC44600E15E12 /* Release */ = {
			isa = XCBuildConfiguration;
			buildSettings = {
				ALWAYS_EMBED_SWIFT_STANDARD_LIBRARIES = YES;
				CODE_SIGN_STYLE = Automatic;
				DEVELOPMENT_TEAM = RQXFK5449U;
				INFOPLIST_FILE = InstructionAnimationUITests/Info.plist;
				LD_RUNPATH_SEARCH_PATHS = (
					"$(inherited)",
					"@executable_path/Frameworks",
					"@loader_path/Frameworks",
				);
				PRODUCT_BUNDLE_IDENTIFIER = com.maochun.InstructionAnimationUITests;
				PRODUCT_NAME = "$(TARGET_NAME)";
				SWIFT_VERSION = 5.0;
				TARGETED_DEVICE_FAMILY = "1,2";
				TEST_TARGET_NAME = InstructionAnimation;
			};
			name = Release;
		};
/* End XCBuildConfiguration section */

/* Begin XCConfigurationList section */
		2E69952B252DC44500E15E12 /* Build configuration list for PBXProject "InstructionAnimation" */ = {
			isa = XCConfigurationList;
			buildConfigurations = (
				2E699558252DC44600E15E12 /* Debug */,
				2E699559252DC44600E15E12 /* Release */,
			);
			defaultConfigurationIsVisible = 0;
			defaultConfigurationName = Release;
		};
		2E69955A252DC44600E15E12 /* Build configuration list for PBXNativeTarget "InstructionAnimation" */ = {
			isa = XCConfigurationList;
			buildConfigurations = (
				2E69955B252DC44600E15E12 /* Debug */,
				2E69955C252DC44600E15E12 /* Release */,
			);
			defaultConfigurationIsVisible = 0;
			defaultConfigurationName = Release;
		};
		2E69955D252DC44600E15E12 /* Build configuration list for PBXNativeTarget "InstructionAnimationTests" */ = {
			isa = XCConfigurationList;
			buildConfigurations = (
				2E69955E252DC44600E15E12 /* Debug */,
				2E69955F252DC44600E15E12 /* Release */,
			);
			defaultConfigurationIsVisible = 0;
			defaultConfigurationName = Release;
		};
		2E699560252DC44600E15E12 /* Build configuration list for PBXNativeTarget "InstructionAnimationUITests" */ = {
			isa = XCConfigurationList;
			buildConfigurations = (
				2E699561252DC44600E15E12 /* Debug */,
				2E699562252DC44600E15E12 /* Release */,
			);
			defaultConfigurationIsVisible = 0;
			defaultConfigurationName = Release;
		};
/* End XCConfigurationList section */
	};
	rootObject = 2E699528252DC44500E15E12 /* Project object */;
}
